// !$*UTF8*$!
{
	archiveVersion = 1;
	classes = {
	};
	objectVersion = 51;
	objects = {

/* Begin PBXBuildFile section */
		6231F983D0A860ACFED1D0BA /* Pods_DoItRight.framework in Frameworks */ = {isa = PBXBuildFile; fileRef = 545A86EB5B1F82690C51EF0F /* Pods_DoItRight.framework */; };
		D582B57522D727C4004A47CE /* Item.swift in Sources */ = {isa = PBXBuildFile; fileRef = D582B57422D727C4004A47CE /* Item.swift */; };
		D582B57722D727CC004A47CE /* Category.swift in Sources */ = {isa = PBXBuildFile; fileRef = D582B57622D727CC004A47CE /* Category.swift */; };
		D5AB8A7622D4BCB6009F17FC /* AppDelegate.swift in Sources */ = {isa = PBXBuildFile; fileRef = D5AB8A7522D4BCB6009F17FC /* AppDelegate.swift */; };
		D5AB8A7B22D4BCB6009F17FC /* Main.storyboard in Resources */ = {isa = PBXBuildFile; fileRef = D5AB8A7922D4BCB6009F17FC /* Main.storyboard */; };
		D5AB8A7D22D4BCB7009F17FC /* Assets.xcassets in Resources */ = {isa = PBXBuildFile; fileRef = D5AB8A7C22D4BCB7009F17FC /* Assets.xcassets */; };
		D5AB8A8022D4BCB7009F17FC /* LaunchScreen.storyboard in Resources */ = {isa = PBXBuildFile; fileRef = D5AB8A7E22D4BCB7009F17FC /* LaunchScreen.storyboard */; };
		D5AB8A8822D4BD91009F17FC /* ToDoListViewConroller.swift in Sources */ = {isa = PBXBuildFile; fileRef = D5AB8A8722D4BD91009F17FC /* ToDoListViewConroller.swift */; };
		D5B1CF5222D78BAA0022F6A9 /* SwipeTableViewController.swift in Sources */ = {isa = PBXBuildFile; fileRef = D5B1CF5122D78BAA0022F6A9 /* SwipeTableViewController.swift */; };
		D5C52ACB22D5E14A007796A6 /* CategoryViewController.swift in Sources */ = {isa = PBXBuildFile; fileRef = D5C52ACA22D5E14A007796A6 /* CategoryViewController.swift */; };
/* End PBXBuildFile section */

/* Begin PBXFileReference section */
		545A86EB5B1F82690C51EF0F /* Pods_DoItRight.framework */ = {isa = PBXFileReference; explicitFileType = wrapper.framework; includeInIndex = 0; path = Pods_DoItRight.framework; sourceTree = BUILT_PRODUCTS_DIR; };
		70095A2B6F49869F86993CEC /* Pods-DoItRight.release.xcconfig */ = {isa = PBXFileReference; includeInIndex = 1; lastKnownFileType = text.xcconfig; name = "Pods-DoItRight.release.xcconfig"; path = "Target Support Files/Pods-DoItRight/Pods-DoItRight.release.xcconfig"; sourceTree = "<group>"; };
		7B01AC02C98880ACB5576DEE /* Pods-DoItRight.debug.xcconfig */ = {isa = PBXFileReference; includeInIndex = 1; lastKnownFileType = text.xcconfig; name = "Pods-DoItRight.debug.xcconfig"; path = "Target Support Files/Pods-DoItRight/Pods-DoItRight.debug.xcconfig"; sourceTree = "<group>"; };
		D582B57422D727C4004A47CE /* Item.swift */ = {isa = PBXFileReference; lastKnownFileType = sourcecode.swift; path = Item.swift; sourceTree = "<group>"; };
		D582B57622D727CC004A47CE /* Category.swift */ = {isa = PBXFileReference; lastKnownFileType = sourcecode.swift; path = Category.swift; sourceTree = "<group>"; };
		D5AB8A7222D4BCB6009F17FC /* DoItRight.app */ = {isa = PBXFileReference; explicitFileType = wrapper.application; includeInIndex = 0; path = DoItRight.app; sourceTree = BUILT_PRODUCTS_DIR; };
		D5AB8A7522D4BCB6009F17FC /* AppDelegate.swift */ = {isa = PBXFileReference; lastKnownFileType = sourcecode.swift; path = AppDelegate.swift; sourceTree = "<group>"; };
		D5AB8A7A22D4BCB6009F17FC /* Base */ = {isa = PBXFileReference; lastKnownFileType = file.storyboard; name = Base; path = Base.lproj/Main.storyboard; sourceTree = "<group>"; };
		D5AB8A7C22D4BCB7009F17FC /* Assets.xcassets */ = {isa = PBXFileReference; lastKnownFileType = folder.assetcatalog; path = Assets.xcassets; sourceTree = "<group>"; };
		D5AB8A7F22D4BCB7009F17FC /* Base */ = {isa = PBXFileReference; lastKnownFileType = file.storyboard; name = Base; path = Base.lproj/LaunchScreen.storyboard; sourceTree = "<group>"; };
		D5AB8A8122D4BCB7009F17FC /* Info.plist */ = {isa = PBXFileReference; lastKnownFileType = text.plist.xml; path = Info.plist; sourceTree = "<group>"; };
		D5AB8A8722D4BD91009F17FC /* ToDoListViewConroller.swift */ = {isa = PBXFileReference; lastKnownFileType = sourcecode.swift; path = ToDoListViewConroller.swift; sourceTree = "<group>"; };
		D5B1CF5122D78BAA0022F6A9 /* SwipeTableViewController.swift */ = {isa = PBXFileReference; lastKnownFileType = sourcecode.swift; path = SwipeTableViewController.swift; sourceTree = "<group>"; };
		D5C52ACA22D5E14A007796A6 /* CategoryViewController.swift */ = {isa = PBXFileReference; lastKnownFileType = sourcecode.swift; path = CategoryViewController.swift; sourceTree = "<group>"; };
/* End PBXFileReference section */

/* Begin PBXFrameworksBuildPhase section */
		D5AB8A6F22D4BCB6009F17FC /* Frameworks */ = {
			isa = PBXFrameworksBuildPhase;
			buildActionMask = 2147483647;
			files = (
				6231F983D0A860ACFED1D0BA /* Pods_DoItRight.framework in Frameworks */,
			);
			runOnlyForDeploymentPostprocessing = 0;
		};
/* End PBXFrameworksBuildPhase section */

/* Begin PBXGroup section */
		4A525BD86606D0BB77033F96 /* Pods */ = {
			isa = PBXGroup;
			children = (
				7B01AC02C98880ACB5576DEE /* Pods-DoItRight.debug.xcconfig */,
				70095A2B6F49869F86993CEC /* Pods-DoItRight.release.xcconfig */,
			);
			path = Pods;
			sourceTree = "<group>";
		};
		B3AC671173D35DD7EC52FAFB /* Frameworks */ = {
			isa = PBXGroup;
			children = (
				545A86EB5B1F82690C51EF0F /* Pods_DoItRight.framework */,
			);
			name = Frameworks;
			sourceTree = "<group>";
		};
		D5AB8A6922D4BCB6009F17FC = {
			isa = PBXGroup;
			children = (
				D5AB8A7422D4BCB6009F17FC /* DoItRight */,
				D5AB8A7322D4BCB6009F17FC /* Products */,
				4A525BD86606D0BB77033F96 /* Pods */,
				B3AC671173D35DD7EC52FAFB /* Frameworks */,
			);
			sourceTree = "<group>";
		};
		D5AB8A7322D4BCB6009F17FC /* Products */ = {
			isa = PBXGroup;
			children = (
				D5AB8A7222D4BCB6009F17FC /* DoItRight.app */,
			);
			name = Products;
			sourceTree = "<group>";
		};
		D5AB8A7422D4BCB6009F17FC /* DoItRight */ = {
			isa = PBXGroup;
			children = (
				D5AB8A7522D4BCB6009F17FC /* AppDelegate.swift */,
				D5AB8A8F22D4E23F009F17FC /* Views */,
				D5AB8A8E22D4E22E009F17FC /* Controllers */,
				D5AB8A8D22D4E20E009F17FC /* Data Model */,
				D5AB8A9022D4E253009F17FC /* Supporting Files */,
				D5AB8A8122D4BCB7009F17FC /* Info.plist */,
			);
			path = DoItRight;
			sourceTree = "<group>";
		};
		D5AB8A8D22D4E20E009F17FC /* Data Model */ = {
			isa = PBXGroup;
			children = (
				D582B57422D727C4004A47CE /* Item.swift */,
				D582B57622D727CC004A47CE /* Category.swift */,
			);
			path = "Data Model";
			sourceTree = "<group>";
		};
		D5AB8A8E22D4E22E009F17FC /* Controllers */ = {
			isa = PBXGroup;
			children = (
				D5C52ACA22D5E14A007796A6 /* CategoryViewController.swift */,
				D5AB8A8722D4BD91009F17FC /* ToDoListViewConroller.swift */,
				D5B1CF5122D78BAA0022F6A9 /* SwipeTableViewController.swift */,
			);
			path = Controllers;
			sourceTree = "<group>";
		};
		D5AB8A8F22D4E23F009F17FC /* Views */ = {
			isa = PBXGroup;
			children = (
				D5AB8A7922D4BCB6009F17FC /* Main.storyboard */,
			);
			path = Views;
			sourceTree = "<group>";
		};
		D5AB8A9022D4E253009F17FC /* Supporting Files */ = {
			isa = PBXGroup;
			children = (
				D5AB8A7C22D4BCB7009F17FC /* Assets.xcassets */,
				D5AB8A7E22D4BCB7009F17FC /* LaunchScreen.storyboard */,
			);
			path = "Supporting Files";
			sourceTree = "<group>";
		};
/* End PBXGroup section */

/* Begin PBXNativeTarget section */
		D5AB8A7122D4BCB6009F17FC /* DoItRight */ = {
			isa = PBXNativeTarget;
			buildConfigurationList = D5AB8A8422D4BCB7009F17FC /* Build configuration list for PBXNativeTarget "DoItRight" */;
			buildPhases = (
				284B3E65FA464079D5EF3E17 /* [CP] Check Pods Manifest.lock */,
				D5AB8A6E22D4BCB6009F17FC /* Sources */,
				D5AB8A6F22D4BCB6009F17FC /* Frameworks */,
				D5AB8A7022D4BCB6009F17FC /* Resources */,
				C392E8FD02208BB6A84533BC /* [CP] Embed Pods Frameworks */,
			);
			buildRules = (
			);
			dependencies = (
			);
			name = DoItRight;
			productName = DoItRight;
			productReference = D5AB8A7222D4BCB6009F17FC /* DoItRight.app */;
			productType = "com.apple.product-type.application";
		};
/* End PBXNativeTarget section */

/* Begin PBXProject section */
		D5AB8A6A22D4BCB6009F17FC /* Project object */ = {
			isa = PBXProject;
			attributes = {
				LastSwiftUpdateCheck = 1020;
				LastUpgradeCheck = 1020;
				ORGANIZATIONNAME = "Shalev Lazarof";
				TargetAttributes = {
					D5AB8A7122D4BCB6009F17FC = {
						CreatedOnToolsVersion = 10.2.1;
					};
				};
			};
			buildConfigurationList = D5AB8A6D22D4BCB6009F17FC /* Build configuration list for PBXProject "DoItRight" */;
			compatibilityVersion = "Xcode 9.3";
			developmentRegion = en;
			hasScannedForEncodings = 0;
			knownRegions = (
				en,
				Base,
			);
			mainGroup = D5AB8A6922D4BCB6009F17FC;
			productRefGroup = D5AB8A7322D4BCB6009F17FC /* Products */;
			projectDirPath = "";
			projectRoot = "";
			targets = (
				D5AB8A7122D4BCB6009F17FC /* DoItRight */,
			);
		};
/* End PBXProject section */

/* Begin PBXResourcesBuildPhase section */
		D5AB8A7022D4BCB6009F17FC /* Resources */ = {
			isa = PBXResourcesBuildPhase;
			buildActionMask = 2147483647;
			files = (
				D5AB8A8022D4BCB7009F17FC /* LaunchScreen.storyboard in Resources */,
				D5AB8A7D22D4BCB7009F17FC /* Assets.xcassets in Resources */,
				D5AB8A7B22D4BCB6009F17FC /* Main.storyboard in Resources */,
			);
			runOnlyForDeploymentPostprocessing = 0;
		};
/* End PBXResourcesBuildPhase section */

/* Begin PBXShellScriptBuildPhase section */
		284B3E65FA464079D5EF3E17 /* [CP] Check Pods Manifest.lock */ = {
			isa = PBXShellScriptBuildPhase;
			buildActionMask = 2147483647;
			files = (
			);
			inputFileListPaths = (
			);
			inputPaths = (
				"${PODS_PODFILE_DIR_PATH}/Podfile.lock",
				"${PODS_ROOT}/Manifest.lock",
			);
			name = "[CP] Check Pods Manifest.lock";
			outputFileListPaths = (
			);
			outputPaths = (
				"$(DERIVED_FILE_DIR)/Pods-DoItRight-checkManifestLockResult.txt",
			);
			runOnlyForDeploymentPostprocessing = 0;
			shellPath = /bin/sh;
			shellScript = "diff \"${PODS_PODFILE_DIR_PATH}/Podfile.lock\" \"${PODS_ROOT}/Manifest.lock\" > /dev/null\nif [ $? != 0 ] ; then\n    # print error to STDERR\n    echo \"error: The sandbox is not in sync with the Podfile.lock. Run 'pod install' or update your CocoaPods installation.\" >&2\n    exit 1\nfi\n# This output is used by Xcode 'outputs' to avoid re-running this script phase.\necho \"SUCCESS\" > \"${SCRIPT_OUTPUT_FILE_0}\"\n";
			showEnvVarsInLog = 0;
		};
		C392E8FD02208BB6A84533BC /* [CP] Embed Pods Frameworks */ = {
			isa = PBXShellScriptBuildPhase;
			buildActionMask = 2147483647;
			files = (
			);
			inputFileListPaths = (
				"${PODS_ROOT}/Target Support Files/Pods-DoItRight/Pods-DoItRight-frameworks-${CONFIGURATION}-input-files.xcfilelist",
			);
			name = "[CP] Embed Pods Frameworks";
			outputFileListPaths = (
				"${PODS_ROOT}/Target Support Files/Pods-DoItRight/Pods-DoItRight-frameworks-${CONFIGURATION}-output-files.xcfilelist",
			);
			runOnlyForDeploymentPostprocessing = 0;
			shellPath = /bin/sh;
			shellScript = "\"${PODS_ROOT}/Target Support Files/Pods-DoItRight/Pods-DoItRight-frameworks.sh\"\n";
			showEnvVarsInLog = 0;
		};
/* End PBXShellScriptBuildPhase section */

/* Begin PBXSourcesBuildPhase section */
		D5AB8A6E22D4BCB6009F17FC /* Sources */ = {
			isa = PBXSourcesBuildPhase;
			buildActionMask = 2147483647;
			files = (
				D582B57522D727C4004A47CE /* Item.swift in Sources */,
				D5C52ACB22D5E14A007796A6 /* CategoryViewController.swift in Sources */,
				D5AB8A7622D4BCB6009F17FC /* AppDelegate.swift in Sources */,
				D5AB8A8822D4BD91009F17FC /* ToDoListViewConroller.swift in Sources */,
				D5B1CF5222D78BAA0022F6A9 /* SwipeTableViewController.swift in Sources */,
				D582B57722D727CC004A47CE /* Category.swift in Sources */,
			);
			runOnlyForDeploymentPostprocessing = 0;
		};
/* End PBXSourcesBuildPhase section */

/* Begin PBXVariantGroup section */
		D5AB8A7922D4BCB6009F17FC /* Main.storyboard */ = {
			isa = PBXVariantGroup;
			children = (
				D5AB8A7A22D4BCB6009F17FC /* Base */,
			);
			name = Main.storyboard;
			sourceTree = "<group>";
		};
		D5AB8A7E22D4BCB7009F17FC /* LaunchScreen.storyboard */ = {
			isa = PBXVariantGroup;
			children = (
				D5AB8A7F22D4BCB7009F17FC /* Base */,
			);
			name = LaunchScreen.storyboard;
			sourceTree = "<group>";
		};
/* End PBXVariantGroup section */

/* Begin XCBuildConfiguration section */
		D5AB8A8222D4BCB7009F17FC /* Debug */ = {
			isa = XCBuildConfiguration;
			buildSettings = {
				ALWAYS_SEARCH_USER_PATHS = NO;
				CLANG_ANALYZER_NONNULL = YES;
				CLANG_ANALYZER_NUMBER_OBJECT_CONVERSION = YES_AGGRESSIVE;
				CLANG_CXX_LANGUAGE_STANDARD = "gnu++14";
				CLANG_CXX_LIBRARY = "libc++";
				CLANG_ENABLE_MODULES = YES;
				CLANG_ENABLE_OBJC_ARC = YES;
				CLANG_ENABLE_OBJC_WEAK = YES;
				CLANG_WARN_BLOCK_CAPTURE_AUTORELEASING = YES;
				CLANG_WARN_BOOL_CONVERSION = YES;
				CLANG_WARN_COMMA = YES;
				CLANG_WARN_CONSTANT_CONVERSION = YES;
				CLANG_WARN_DEPRECATED_OBJC_IMPLEMENTATIONS = YES;
				CLANG_WARN_DIRECT_OBJC_ISA_USAGE = YES_ERROR;
				CLANG_WARN_DOCUMENTATION_COMMENTS = YES;
				CLANG_WARN_EMPTY_BODY = YES;
				CLANG_WARN_ENUM_CONVERSION = YES;
				CLANG_WARN_INFINITE_RECURSION = YES;
				CLANG_WARN_INT_CONVERSION = YES;
				CLANG_WARN_NON_LITERAL_NULL_CONVERSION = YES;
				CLANG_WARN_OBJC_IMPLICIT_RETAIN_SELF = YES;
				CLANG_WARN_OBJC_LITERAL_CONVERSION = YES;
				CLANG_WARN_OBJC_ROOT_CLASS = YES_ERROR;
				CLANG_WARN_RANGE_LOOP_ANALYSIS = YES;
				CLANG_WARN_STRICT_PROTOTYPES = YES;
				CLANG_WARN_SUSPICIOUS_MOVE = YES;
				CLANG_WARN_UNGUARDED_AVAILABILITY = YES_AGGRESSIVE;
				CLANG_WARN_UNREACHABLE_CODE = YES;
				CLANG_WARN__DUPLICATE_METHOD_MATCH = YES;
				CODE_SIGN_IDENTITY = "iPhone Developer";
				COPY_PHASE_STRIP = NO;
				DEBUG_INFORMATION_FORMAT = dwarf;
				ENABLE_STRICT_OBJC_MSGSEND = YES;
				ENABLE_TESTABILITY = YES;
				GCC_C_LANGUAGE_STANDARD = gnu11;
				GCC_DYNAMIC_NO_PIC = NO;
				GCC_NO_COMMON_BLOCKS = YES;
				GCC_OPTIMIZATION_LEVEL = 0;
				GCC_PREPROCESSOR_DEFINITIONS = (
					"DEBUG=1",
					"$(inherited)",
				);
				GCC_WARN_64_TO_32_BIT_CONVERSION = YES;
				GCC_WARN_ABOUT_RETURN_TYPE = YES_ERROR;
				GCC_WARN_UNDECLARED_SELECTOR = YES;
				GCC_WARN_UNINITIALIZED_AUTOS = YES_AGGRESSIVE;
				GCC_WARN_UNUSED_FUNCTION = YES;
				GCC_WARN_UNUSED_VARIABLE = YES;
				IPHONEOS_DEPLOYMENT_TARGET = 12.2;
				MTL_ENABLE_DEBUG_INFO = INCLUDE_SOURCE;
				MTL_FAST_MATH = YES;
				ONLY_ACTIVE_ARCH = YES;
				SDKROOT = iphoneos;
				SWIFT_ACTIVE_COMPILATION_CONDITIONS = DEBUG;
				SWIFT_OPTIMIZATION_LEVEL = "-Onone";
			};
			name = Debug;
		};
		D5AB8A8322D4BCB7009F17FC /* Release */ = {
			isa = XCBuildConfiguration;
			buildSettings = {
				ALWAYS_SEARCH_USER_PATHS = NO;
				CLANG_ANALYZER_NONNULL = YES;
				CLANG_ANALYZER_NUMBER_OBJECT_CONVERSION = YES_AGGRESSIVE;
				CLANG_CXX_LANGUAGE_STANDARD = "gnu++14";
				CLANG_CXX_LIBRARY = "libc++";
				CLANG_ENABLE_MODULES = YES;
				CLANG_ENABLE_OBJC_ARC = YES;
				CLANG_ENABLE_OBJC_WEAK = YES;
				CLANG_WARN_BLOCK_CAPTURE_AUTORELEASING = YES;
				CLANG_WARN_BOOL_CONVERSION = YES;
				CLANG_WARN_COMMA = YES;
				CLANG_WARN_CONSTANT_CONVERSION = YES;
				CLANG_WARN_DEPRECATED_OBJC_IMPLEMENTATIONS = YES;
				CLANG_WARN_DIRECT_OBJC_ISA_USAGE = YES_ERROR;
				CLANG_WARN_DOCUMENTATION_COMMENTS = YES;
				CLANG_WARN_EMPTY_BODY = YES;
				CLANG_WARN_ENUM_CONVERSION = YES;
				CLANG_WARN_INFINITE_RECURSION = YES;
				CLANG_WARN_INT_CONVERSION = YES;
				CLANG_WARN_NON_LITERAL_NULL_CONVERSION = YES;
				CLANG_WARN_OBJC_IMPLICIT_RETAIN_SELF = YES;
				CLANG_WARN_OBJC_LITERAL_CONVERSION = YES;
				CLANG_WARN_OBJC_ROOT_CLASS = YES_ERROR;
				CLANG_WARN_RANGE_LOOP_ANALYSIS = YES;
				CLANG_WARN_STRICT_PROTOTYPES = YES;
				CLANG_WARN_SUSPICIOUS_MOVE = YES;
				CLANG_WARN_UNGUARDED_AVAILABILITY = YES_AGGRESSIVE;
				CLANG_WARN_UNREACHABLE_CODE = YES;
				CLANG_WARN__DUPLICATE_METHOD_MATCH = YES;
				CODE_SIGN_IDENTITY = "iPhone Developer";
				COPY_PHASE_STRIP = NO;
				DEBUG_INFORMATION_FORMAT = "dwarf-with-dsym";
				ENABLE_NS_ASSERTIONS = NO;
				ENABLE_STRICT_OBJC_MSGSEND = YES;
				GCC_C_LANGUAGE_STANDARD = gnu11;
				GCC_NO_COMMON_BLOCKS = YES;
				GCC_WARN_64_TO_32_BIT_CONVERSION = YES;
				GCC_WARN_ABOUT_RETURN_TYPE = YES_ERROR;
				GCC_WARN_UNDECLARED_SELECTOR = YES;
				GCC_WARN_UNINITIALIZED_AUTOS = YES_AGGRESSIVE;
				GCC_WARN_UNUSED_FUNCTION = YES;
				GCC_WARN_UNUSED_VARIABLE = YES;
				IPHONEOS_DEPLOYMENT_TARGET = 12.2;
				MTL_ENABLE_DEBUG_INFO = NO;
				MTL_FAST_MATH = YES;
				SDKROOT = iphoneos;
				SWIFT_COMPILATION_MODE = wholemodule;
				SWIFT_OPTIMIZATION_LEVEL = "-O";
				VALIDATE_PRODUCT = YES;
			};
			name = Release;
		};
		D5AB8A8522D4BCB7009F17FC /* Debug */ = {
			isa = XCBuildConfiguration;
			baseConfigurationReference = 7B01AC02C98880ACB5576DEE /* Pods-DoItRight.debug.xcconfig */;
			buildSettings = {
				ASSETCATALOG_COMPILER_APPICON_NAME = AppIcon;
				CODE_SIGN_STYLE = Automatic;
				DEVELOPMENT_TEAM = YQYYL7SG8D;
				INFOPLIST_FILE = DoItRight/Info.plist;
				LD_RUNPATH_SEARCH_PATHS = (
					"$(inherited)",
					"@executable_path/Frameworks",
				);
				PRODUCT_BUNDLE_IDENTIFIER = com.ShalevLazarof.DoItRight.DoItRight;
				PRODUCT_NAME = "$(TARGET_NAME)";
				SWIFT_VERSION = 5.0;
				TARGETED_DEVICE_FAMILY = "1,2";
			};
			name = Debug;
		};
		D5AB8A8622D4BCB7009F17FC /* Release */ = {
			isa = XCBuildConfiguration;
			baseConfigurationReference = 70095A2B6F49869F86993CEC /* Pods-DoItRight.release.xcconfig */;
			buildSettings = {
				ASSETCATALOG_COMPILER_APPICON_NAME = AppIcon;
				CODE_SIGN_STYLE = Automatic;
				DEVELOPMENT_TEAM = YQYYL7SG8D;
				INFOPLIST_FILE = DoItRight/Info.plist;
				LD_RUNPATH_SEARCH_PATHS = (
					"$(inherited)",
					"@executable_path/Frameworks",
				);
				PRODUCT_BUNDLE_IDENTIFIER = com.ShalevLazarof.DoItRight.DoItRight;
				PRODUCT_NAME = "$(TARGET_NAME)";
				SWIFT_VERSION = 5.0;
				TARGETED_DEVICE_FAMILY = "1,2";
			};
			name = Release;
		};
/* End XCBuildConfiguration section */

/* Begin XCConfigurationList section */
		D5AB8A6D22D4BCB6009F17FC /* Build configuration list for PBXProject "DoItRight" */ = {
			isa = XCConfigurationList;
			buildConfigurations = (
				D5AB8A8222D4BCB7009F17FC /* Debug */,
				D5AB8A8322D4BCB7009F17FC /* Release */,
			);
			defaultConfigurationIsVisible = 0;
			defaultConfigurationName = Release;
		};
		D5AB8A8422D4BCB7009F17FC /* Build configuration list for PBXNativeTarget "DoItRight" */ = {
			isa = XCConfigurationList;
			buildConfigurations = (
				D5AB8A8522D4BCB7009F17FC /* Debug */,
				D5AB8A8622D4BCB7009F17FC /* Release */,
			);
			defaultConfigurationIsVisible = 0;
			defaultConfigurationName = Release;
		};
/* End XCConfigurationList section */
	};
	rootObject = D5AB8A6A22D4BCB6009F17FC /* Project object */;
}
